
Microsoft Visual Studio Solution File, Format Version 12.00
# Visual Studio 15
VisualStudioVersion = 15.0.26124.0
MinimumVisualStudioVersion = 15.0.26124.0
Project("{2150E333-8FDC-42A3-9474-1A3956D46DE8}") = "src", "src", "{24771C8B-C32B-41B0-9617-3652872A7C2A}"
EndProject
Project("{FAE04EC0-301F-11D3-BF4B-00C04F79EFBC}") = "Application", "src\Application\Application.csproj", "{8262A792-96CA-4963-8BC3-34F9DEF56E4B}"
EndProject
Project("{FAE04EC0-301F-11D3-BF4B-00C04F79EFBC}") = "Domain", "src\Domain\Domain.csproj", "{DCA3DA43-307C-417C-8889-64D64AF8BEEE}"
EndProject
Project("{FAE04EC0-301F-11D3-BF4B-00C04F79EFBC}") = "Infrastructure", "src\Infrastructure\Infrastructure.csproj", "{D8679F79-48F9-4869-87D5-E130EA32A2A0}"
EndProject
Project("{FAE04EC0-301F-11D3-BF4B-00C04F79EFBC}") = "WebUI", "src\WebUI\WebUI.csproj", "{197658FA-9214-4616-806D-803F25DAB4B8}"
EndProject
Global
	GlobalSection(SolutionConfigurationPlatforms) = preSolution
		Debug|Any CPU = Debug|Any CPU
		Debug|x64 = Debug|x64
		Debug|x86 = Debug|x86
		Release|Any CPU = Release|Any CPU
		Release|x64 = Release|x64
		Release|x86 = Release|x86
	EndGlobalSection
	GlobalSection(SolutionProperties) = preSolution
		HideSolutionNode = FALSE
	EndGlobalSection
	GlobalSection(ProjectConfigurationPlatforms) = postSolution
		{8262A792-96CA-4963-8BC3-34F9DEF56E4B}.Debug|Any CPU.ActiveCfg = Debug|Any CPU
		{8262A792-96CA-4963-8BC3-34F9DEF56E4B}.Debug|Any CPU.Build.0 = Debug|Any CPU
		{8262A792-96CA-4963-8BC3-34F9DEF56E4B}.Debug|x64.ActiveCfg = Debug|Any CPU
		{8262A792-96CA-4963-8BC3-34F9DEF56E4B}.Debug|x64.Build.0 = Debug|Any CPU
		{8262A792-96CA-4963-8BC3-34F9DEF56E4B}.Debug|x86.ActiveCfg = Debug|Any CPU
		{8262A792-96CA-4963-8BC3-34F9DEF56E4B}.Debug|x86.Build.0 = Debug|Any CPU
		{8262A792-96CA-4963-8BC3-34F9DEF56E4B}.Release|Any CPU.ActiveCfg = Release|Any CPU
		{8262A792-96CA-4963-8BC3-34F9DEF56E4B}.Release|Any CPU.Build.0 = Release|Any CPU
		{8262A792-96CA-4963-8BC3-34F9DEF56E4B}.Release|x64.ActiveCfg = Release|Any CPU
		{8262A792-96CA-4963-8BC3-34F9DEF56E4B}.Release|x64.Build.0 = Release|Any CPU
		{8262A792-96CA-4963-8BC3-34F9DEF56E4B}.Release|x86.ActiveCfg = Release|Any CPU
		{8262A792-96CA-4963-8BC3-34F9DEF56E4B}.Release|x86.Build.0 = Release|Any CPU
		{DCA3DA43-307C-417C-8889-64D64AF8BEEE}.Debug|Any CPU.ActiveCfg = Debug|Any CPU
		{DCA3DA43-307C-417C-8889-64D64AF8BEEE}.Debug|Any CPU.Build.0 = Debug|Any CPU
		{DCA3DA43-307C-417C-8889-64D64AF8BEEE}.Debug|x64.ActiveCfg = Debug|Any CPU
		{DCA3DA43-307C-417C-8889-64D64AF8BEEE}.Debug|x64.Build.0 = Debug|Any CPU
		{DCA3DA43-307C-417C-8889-64D64AF8BEEE}.Debug|x86.ActiveCfg = Debug|Any CPU
		{DCA3DA43-307C-417C-8889-64D64AF8BEEE}.Debug|x86.Build.0 = Debug|Any CPU
		{DCA3DA43-307C-417C-8889-64D64AF8BEEE}.Release|Any CPU.ActiveCfg = Release|Any CPU
		{DCA3DA43-307C-417C-8889-64D64AF8BEEE}.Release|Any CPU.Build.0 = Release|Any CPU
		{DCA3DA43-307C-417C-8889-64D64AF8BEEE}.Release|x64.ActiveCfg = Release|Any CPU
		{DCA3DA43-307C-417C-8889-64D64AF8BEEE}.Release|x64.Build.0 = Release|Any CPU
		{DCA3DA43-307C-417C-8889-64D64AF8BEEE}.Release|x86.ActiveCfg = Release|Any CPU
		{DCA3DA43-307C-417C-8889-64D64AF8BEEE}.Release|x86.Build.0 = Release|Any CPU
		{D8679F79-48F9-4869-87D5-E130EA32A2A0}.Debug|Any CPU.ActiveCfg = Debug|Any CPU
		{D8679F79-48F9-4869-87D5-E130EA32A2A0}.Debug|Any CPU.Build.0 = Debug|Any CPU
		{D8679F79-48F9-4869-87D5-E130EA32A2A0}.Debug|x64.ActiveCfg = Debug|Any CPU
		{D8679F79-48F9-4869-87D5-E130EA32A2A0}.Debug|x64.Build.0 = Debug|Any CPU
		{D8679F79-48F9-4869-87D5-E130EA32A2A0}.Debug|x86.ActiveCfg = Debug|Any CPU
		{D8679F79-48F9-4869-87D5-E130EA32A2A0}.Debug|x86.Build.0 = Debug|Any CPU
		{D8679F79-48F9-4869-87D5-E130EA32A2A0}.Release|Any CPU.ActiveCfg = Release|Any CPU
		{D8679F79-48F9-4869-87D5-E130EA32A2A0}.Release|Any CPU.Build.0 = Release|Any CPU
		{D8679F79-48F9-4869-87D5-E130EA32A2A0}.Release|x64.ActiveCfg = Release|Any CPU
		{D8679F79-48F9-4869-87D5-E130EA32A2A0}.Release|x64.Build.0 = Release|Any CPU
		{D8679F79-48F9-4869-87D5-E130EA32A2A0}.Release|x86.ActiveCfg = Release|Any CPU
		{D8679F79-48F9-4869-87D5-E130EA32A2A0}.Release|x86.Build.0 = Release|Any CPU
		{197658FA-9214-4616-806D-803F25DAB4B8}.Debug|Any CPU.ActiveCfg = Debug|Any CPU
		{197658FA-9214-4616-806D-803F25DAB4B8}.Debug|Any CPU.Build.0 = Debug|Any CPU
		{197658FA-9214-4616-806D-803F25DAB4B8}.Debug|x64.ActiveCfg = Debug|Any CPU
		{197658FA-9214-4616-806D-803F25DAB4B8}.Debug|x64.Build.0 = Debug|Any CPU
		{197658FA-9214-4616-806D-803F25DAB4B8}.Debug|x86.ActiveCfg = Debug|Any CPU
		{197658FA-9214-4616-806D-803F25DAB4B8}.Debug|x86.Build.0 = Debug|Any CPU
		{197658FA-9214-4616-806D-803F25DAB4B8}.Release|Any CPU.ActiveCfg = Release|Any CPU
		{197658FA-9214-4616-806D-803F25DAB4B8}.Release|Any CPU.Build.0 = Release|Any CPU
		{197658FA-9214-4616-806D-803F25DAB4B8}.Release|x64.ActiveCfg = Release|Any CPU
		{197658FA-9214-4616-806D-803F25DAB4B8}.Release|x64.Build.0 = Release|Any CPU
		{197658FA-9214-4616-806D-803F25DAB4B8}.Release|x86.ActiveCfg = Release|Any CPU
		{197658FA-9214-4616-806D-803F25DAB4B8}.Release|x86.Build.0 = Release|Any CPU
	EndGlobalSection
	GlobalSection(NestedProjects) = preSolution
		{8262A792-96CA-4963-8BC3-34F9DEF56E4B} = {24771C8B-C32B-41B0-9617-3652872A7C2A}
		{DCA3DA43-307C-417C-8889-64D64AF8BEEE} = {24771C8B-C32B-41B0-9617-3652872A7C2A}
		{D8679F79-48F9-4869-87D5-E130EA32A2A0} = {24771C8B-C32B-41B0-9617-3652872A7C2A}
		{197658FA-9214-4616-806D-803F25DAB4B8} = {24771C8B-C32B-41B0-9617-3652872A7C2A}
	EndGlobalSection
EndGlobal
